// !$*UTF8*$!
{
	archiveVersion = 1;
	classes = {
	};
	objectVersion = 50;
	objects = {

/* Begin PBXBuildFile section */
		E90B53AE235CB27D00131CF3 /* LocatorVenueVehicle.swift in Sources */ = {isa = PBXBuildFile; fileRef = E90B53AD235CB27D00131CF3 /* LocatorVenueVehicle.swift */; };
		E914020423516E41005639E5 /* Following.swift in Sources */ = {isa = PBXBuildFile; fileRef = E914020323516E41005639E5 /* Following.swift */; };
		E96B0D37235103C200BC53B5 /* StationDetail.swift in Sources */ = {isa = PBXBuildFile; fileRef = E96B0D36235103C200BC53B5 /* StationDetail.swift */; };
		E999D51E234A798700228B1C /* TrainStation.swift in Sources */ = {isa = PBXBuildFile; fileRef = E999D51D234A798700228B1C /* TrainStation.swift */; };
		E9B326492353CA29009467A1 /* TrainDetail.swift in Sources */ = {isa = PBXBuildFile; fileRef = E9B326482353CA29009467A1 /* TrainDetail.swift */; };
		E9D16C9A23554DD400410E8E /* CoreLocation.framework in Frameworks */ = {isa = PBXBuildFile; fileRef = E9D16C9923554DD400410E8E /* CoreLocation.framework */; };
		E9E9B5B723493BF200731F1A /* AppDelegate.swift in Sources */ = {isa = PBXBuildFile; fileRef = E9E9B5B623493BF200731F1A /* AppDelegate.swift */; };
		E9E9B5B923493BF200731F1A /* SceneDelegate.swift in Sources */ = {isa = PBXBuildFile; fileRef = E9E9B5B823493BF200731F1A /* SceneDelegate.swift */; };
		E9E9B5BB23493BF200731F1A /* ContentView.swift in Sources */ = {isa = PBXBuildFile; fileRef = E9E9B5BA23493BF200731F1A /* ContentView.swift */; };
		E9E9B5BD23493C0000731F1A /* Assets.xcassets in Resources */ = {isa = PBXBuildFile; fileRef = E9E9B5BC23493C0000731F1A /* Assets.xcassets */; };
		E9E9B5C023493C0000731F1A /* Preview Assets.xcassets in Resources */ = {isa = PBXBuildFile; fileRef = E9E9B5BF23493C0000731F1A /* Preview Assets.xcassets */; };
		E9E9B5C323493C0000731F1A /* LaunchScreen.storyboard in Resources */ = {isa = PBXBuildFile; fileRef = E9E9B5C123493C0000731F1A /* LaunchScreen.storyboard */; };
		E9E9B5CE23493C0000731F1A /* AnyPATests.swift in Sources */ = {isa = PBXBuildFile; fileRef = E9E9B5CD23493C0000731F1A /* AnyPATests.swift */; };
		E9E9B5D923493C0000731F1A /* AnyPAUITests.swift in Sources */ = {isa = PBXBuildFile; fileRef = E9E9B5D823493C0000731F1A /* AnyPAUITests.swift */; };
/* End PBXBuildFile section */

/* Begin PBXContainerItemProxy section */
		E9E9B5CA23493C0000731F1A /* PBXContainerItemProxy */ = {
			isa = PBXContainerItemProxy;
			containerPortal = E9E9B5AB23493BF200731F1A /* Project object */;
			proxyType = 1;
			remoteGlobalIDString = E9E9B5B223493BF200731F1A;
			remoteInfo = AnyPA;
		};
		E9E9B5D523493C0000731F1A /* PBXContainerItemProxy */ = {
			isa = PBXContainerItemProxy;
			containerPortal = E9E9B5AB23493BF200731F1A /* Project object */;
			proxyType = 1;
			remoteGlobalIDString = E9E9B5B223493BF200731F1A;
			remoteInfo = AnyPA;
		};
/* End PBXContainerItemProxy section */

/* Begin PBXFileReference section */
		E90B53AD235CB27D00131CF3 /* LocatorVenueVehicle.swift */ = {isa = PBXFileReference; lastKnownFileType = sourcecode.swift; path = LocatorVenueVehicle.swift; sourceTree = "<group>"; };
		E914020323516E41005639E5 /* Following.swift */ = {isa = PBXFileReference; lastKnownFileType = sourcecode.swift; path = Following.swift; sourceTree = "<group>"; };
		E96B0D36235103C200BC53B5 /* StationDetail.swift */ = {isa = PBXFileReference; lastKnownFileType = sourcecode.swift; path = StationDetail.swift; sourceTree = "<group>"; };
		E999D51D234A798700228B1C /* TrainStation.swift */ = {isa = PBXFileReference; lastKnownFileType = sourcecode.swift; path = TrainStation.swift; sourceTree = "<group>"; };
		E9B326482353CA29009467A1 /* TrainDetail.swift */ = {isa = PBXFileReference; lastKnownFileType = sourcecode.swift; path = TrainDetail.swift; sourceTree = "<group>"; };
		E9D16C9923554DD400410E8E /* CoreLocation.framework */ = {isa = PBXFileReference; lastKnownFileType = wrapper.framework; name = CoreLocation.framework; path = System/Library/Frameworks/CoreLocation.framework; sourceTree = SDKROOT; };
		E9E9B5B323493BF200731F1A /* AnyPA.app */ = {isa = PBXFileReference; explicitFileType = wrapper.application; includeInIndex = 0; path = AnyPA.app; sourceTree = BUILT_PRODUCTS_DIR; };
		E9E9B5B623493BF200731F1A /* AppDelegate.swift */ = {isa = PBXFileReference; lastKnownFileType = sourcecode.swift; path = AppDelegate.swift; sourceTree = "<group>"; };
		E9E9B5B823493BF200731F1A /* SceneDelegate.swift */ = {isa = PBXFileReference; lastKnownFileType = sourcecode.swift; path = SceneDelegate.swift; sourceTree = "<group>"; };
		E9E9B5BA23493BF200731F1A /* ContentView.swift */ = {isa = PBXFileReference; lastKnownFileType = sourcecode.swift; path = ContentView.swift; sourceTree = "<group>"; };
		E9E9B5BC23493C0000731F1A /* Assets.xcassets */ = {isa = PBXFileReference; lastKnownFileType = folder.assetcatalog; path = Assets.xcassets; sourceTree = "<group>"; };
		E9E9B5BF23493C0000731F1A /* Preview Assets.xcassets */ = {isa = PBXFileReference; lastKnownFileType = folder.assetcatalog; path = "Preview Assets.xcassets"; sourceTree = "<group>"; };
		E9E9B5C223493C0000731F1A /* Base */ = {isa = PBXFileReference; lastKnownFileType = file.storyboard; name = Base; path = Base.lproj/LaunchScreen.storyboard; sourceTree = "<group>"; };
		E9E9B5C423493C0000731F1A /* Info.plist */ = {isa = PBXFileReference; lastKnownFileType = text.plist.xml; path = Info.plist; sourceTree = "<group>"; };
		E9E9B5C923493C0000731F1A /* AnyPATests.xctest */ = {isa = PBXFileReference; explicitFileType = wrapper.cfbundle; includeInIndex = 0; path = AnyPATests.xctest; sourceTree = BUILT_PRODUCTS_DIR; };
		E9E9B5CD23493C0000731F1A /* AnyPATests.swift */ = {isa = PBXFileReference; lastKnownFileType = sourcecode.swift; path = AnyPATests.swift; sourceTree = "<group>"; };
		E9E9B5CF23493C0000731F1A /* Info.plist */ = {isa = PBXFileReference; lastKnownFileType = text.plist.xml; path = Info.plist; sourceTree = "<group>"; };
		E9E9B5D423493C0000731F1A /* AnyPAUITests.xctest */ = {isa = PBXFileReference; explicitFileType = wrapper.cfbundle; includeInIndex = 0; path = AnyPAUITests.xctest; sourceTree = BUILT_PRODUCTS_DIR; };
		E9E9B5D823493C0000731F1A /* AnyPAUITests.swift */ = {isa = PBXFileReference; lastKnownFileType = sourcecode.swift; path = AnyPAUITests.swift; sourceTree = "<group>"; };
		E9E9B5DA23493C0000731F1A /* Info.plist */ = {isa = PBXFileReference; lastKnownFileType = text.plist.xml; path = Info.plist; sourceTree = "<group>"; };
/* End PBXFileReference section */

/* Begin PBXFrameworksBuildPhase section */
		E9E9B5B023493BF200731F1A /* Frameworks */ = {
			isa = PBXFrameworksBuildPhase;
			buildActionMask = 2147483647;
			files = (
				E9D16C9A23554DD400410E8E /* CoreLocation.framework in Frameworks */,
			);
			runOnlyForDeploymentPostprocessing = 0;
		};
		E9E9B5C623493C0000731F1A /* Frameworks */ = {
			isa = PBXFrameworksBuildPhase;
			buildActionMask = 2147483647;
			files = (
			);
			runOnlyForDeploymentPostprocessing = 0;
		};
		E9E9B5D123493C0000731F1A /* Frameworks */ = {
			isa = PBXFrameworksBuildPhase;
			buildActionMask = 2147483647;
			files = (
			);
			runOnlyForDeploymentPostprocessing = 0;
		};
/* End PBXFrameworksBuildPhase section */

/* Begin PBXGroup section */
		E9D16C9823554DD400410E8E /* Frameworks */ = {
			isa = PBXGroup;
			children = (
				E9D16C9923554DD400410E8E /* CoreLocation.framework */,
			);
			name = Frameworks;
			sourceTree = "<group>";
		};
		E9E9B5AA23493BF200731F1A = {
			isa = PBXGroup;
			children = (
				E9E9B5B523493BF200731F1A /* AnyPA */,
				E9E9B5CC23493C0000731F1A /* AnyPATests */,
				E9E9B5D723493C0000731F1A /* AnyPAUITests */,
				E9E9B5B423493BF200731F1A /* Products */,
				E9D16C9823554DD400410E8E /* Frameworks */,
			);
			sourceTree = "<group>";
		};
		E9E9B5B423493BF200731F1A /* Products */ = {
			isa = PBXGroup;
			children = (
				E9E9B5B323493BF200731F1A /* AnyPA.app */,
				E9E9B5C923493C0000731F1A /* AnyPATests.xctest */,
				E9E9B5D423493C0000731F1A /* AnyPAUITests.xctest */,
			);
			name = Products;
			sourceTree = "<group>";
		};
		E9E9B5B523493BF200731F1A /* AnyPA */ = {
			isa = PBXGroup;
			children = (
				E9E9B5B623493BF200731F1A /* AppDelegate.swift */,
				E9E9B5B823493BF200731F1A /* SceneDelegate.swift */,
				E9E9B5BA23493BF200731F1A /* ContentView.swift */,
				E999D51D234A798700228B1C /* TrainStation.swift */,
				E96B0D36235103C200BC53B5 /* StationDetail.swift */,
				E9B326482353CA29009467A1 /* TrainDetail.swift */,
				E914020323516E41005639E5 /* Following.swift */,
				E90B53AD235CB27D00131CF3 /* LocatorVenueVehicle.swift */,
				E9E9B5BC23493C0000731F1A /* Assets.xcassets */,
				E9E9B5C123493C0000731F1A /* LaunchScreen.storyboard */,
				E9E9B5C423493C0000731F1A /* Info.plist */,
				E9E9B5BE23493C0000731F1A /* Preview Content */,
			);
			path = AnyPA;
			sourceTree = "<group>";
		};
		E9E9B5BE23493C0000731F1A /* Preview Content */ = {
			isa = PBXGroup;
			children = (
				E9E9B5BF23493C0000731F1A /* Preview Assets.xcassets */,
			);
			path = "Preview Content";
			sourceTree = "<group>";
		};
		E9E9B5CC23493C0000731F1A /* AnyPATests */ = {
			isa = PBXGroup;
			children = (
				E9E9B5CD23493C0000731F1A /* AnyPATests.swift */,
				E9E9B5CF23493C0000731F1A /* Info.plist */,
			);
			path = AnyPATests;
			sourceTree = "<group>";
		};
		E9E9B5D723493C0000731F1A /* AnyPAUITests */ = {
			isa = PBXGroup;
			children = (
				E9E9B5D823493C0000731F1A /* AnyPAUITests.swift */,
				E9E9B5DA23493C0000731F1A /* Info.plist */,
			);
			path = AnyPAUITests;
			sourceTree = "<group>";
		};
/* End PBXGroup section */

/* Begin PBXNativeTarget section */
		E9E9B5B223493BF200731F1A /* AnyPA */ = {
			isa = PBXNativeTarget;
			buildConfigurationList = E9E9B5DD23493C0000731F1A /* Build configuration list for PBXNativeTarget "AnyPA" */;
			buildPhases = (
				E9E9B5AF23493BF200731F1A /* Sources */,
				E9E9B5B023493BF200731F1A /* Frameworks */,
				E9E9B5B123493BF200731F1A /* Resources */,
			);
			buildRules = (
			);
			dependencies = (
			);
			name = AnyPA;
			productName = AnyPA;
			productReference = E9E9B5B323493BF200731F1A /* AnyPA.app */;
			productType = "com.apple.product-type.application";
		};
		E9E9B5C823493C0000731F1A /* AnyPATests */ = {
			isa = PBXNativeTarget;
			buildConfigurationList = E9E9B5E023493C0000731F1A /* Build configuration list for PBXNativeTarget "AnyPATests" */;
			buildPhases = (
				E9E9B5C523493C0000731F1A /* Sources */,
				E9E9B5C623493C0000731F1A /* Frameworks */,
				E9E9B5C723493C0000731F1A /* Resources */,
			);
			buildRules = (
			);
			dependencies = (
				E9E9B5CB23493C0000731F1A /* PBXTargetDependency */,
			);
			name = AnyPATests;
			productName = AnyPATests;
			productReference = E9E9B5C923493C0000731F1A /* AnyPATests.xctest */;
			productType = "com.apple.product-type.bundle.unit-test";
		};
		E9E9B5D323493C0000731F1A /* AnyPAUITests */ = {
			isa = PBXNativeTarget;
			buildConfigurationList = E9E9B5E323493C0000731F1A /* Build configuration list for PBXNativeTarget "AnyPAUITests" */;
			buildPhases = (
				E9E9B5D023493C0000731F1A /* Sources */,
				E9E9B5D123493C0000731F1A /* Frameworks */,
				E9E9B5D223493C0000731F1A /* Resources */,
			);
			buildRules = (
			);
			dependencies = (
				E9E9B5D623493C0000731F1A /* PBXTargetDependency */,
			);
			name = AnyPAUITests;
			productName = AnyPAUITests;
			productReference = E9E9B5D423493C0000731F1A /* AnyPAUITests.xctest */;
			productType = "com.apple.product-type.bundle.ui-testing";
		};
/* End PBXNativeTarget section */

/* Begin PBXProject section */
		E9E9B5AB23493BF200731F1A /* Project object */ = {
			isa = PBXProject;
			attributes = {
				LastSwiftUpdateCheck = 1100;
				LastUpgradeCheck = 1100;
				ORGANIZATIONNAME = "Guy Vales";
				TargetAttributes = {
					E9E9B5B223493BF200731F1A = {
						CreatedOnToolsVersion = 11.0;
					};
					E9E9B5C823493C0000731F1A = {
						CreatedOnToolsVersion = 11.0;
						TestTargetID = E9E9B5B223493BF200731F1A;
					};
					E9E9B5D323493C0000731F1A = {
						CreatedOnToolsVersion = 11.0;
						TestTargetID = E9E9B5B223493BF200731F1A;
					};
				};
			};
			buildConfigurationList = E9E9B5AE23493BF200731F1A /* Build configuration list for PBXProject "AnyPA" */;
			compatibilityVersion = "Xcode 9.3";
			developmentRegion = en;
			hasScannedForEncodings = 0;
			knownRegions = (
				en,
				Base,
			);
			mainGroup = E9E9B5AA23493BF200731F1A;
			productRefGroup = E9E9B5B423493BF200731F1A /* Products */;
			projectDirPath = "";
			projectRoot = "";
			targets = (
				E9E9B5B223493BF200731F1A /* AnyPA */,
				E9E9B5C823493C0000731F1A /* AnyPATests */,
				E9E9B5D323493C0000731F1A /* AnyPAUITests */,
			);
		};
/* End PBXProject section */

/* Begin PBXResourcesBuildPhase section */
		E9E9B5B123493BF200731F1A /* Resources */ = {
			isa = PBXResourcesBuildPhase;
			buildActionMask = 2147483647;
			files = (
				E9E9B5C323493C0000731F1A /* LaunchScreen.storyboard in Resources */,
				E9E9B5C023493C0000731F1A /* Preview Assets.xcassets in Resources */,
				E9E9B5BD23493C0000731F1A /* Assets.xcassets in Resources */,
			);
			runOnlyForDeploymentPostprocessing = 0;
		};
		E9E9B5C723493C0000731F1A /* Resources */ = {
			isa = PBXResourcesBuildPhase;
			buildActionMask = 2147483647;
			files = (
			);
			runOnlyForDeploymentPostprocessing = 0;
		};
		E9E9B5D223493C0000731F1A /* Resources */ = {
			isa = PBXResourcesBuildPhase;
			buildActionMask = 2147483647;
			files = (
			);
			runOnlyForDeploymentPostprocessing = 0;
		};
/* End PBXResourcesBuildPhase section */

/* Begin PBXSourcesBuildPhase section */
		E9E9B5AF23493BF200731F1A /* Sources */ = {
			isa = PBXSourcesBuildPhase;
			buildActionMask = 2147483647;
			files = (
				E9E9B5B723493BF200731F1A /* AppDelegate.swift in Sources */,
				E914020423516E41005639E5 /* Following.swift in Sources */,
				E999D51E234A798700228B1C /* TrainStation.swift in Sources */,
				E90B53AE235CB27D00131CF3 /* LocatorVenueVehicle.swift in Sources */,
				E9B326492353CA29009467A1 /* TrainDetail.swift in Sources */,
				E96B0D37235103C200BC53B5 /* StationDetail.swift in Sources */,
				E9E9B5B923493BF200731F1A /* SceneDelegate.swift in Sources */,
				E9E9B5BB23493BF200731F1A /* ContentView.swift in Sources */,
			);
			runOnlyForDeploymentPostprocessing = 0;
		};
		E9E9B5C523493C0000731F1A /* Sources */ = {
			isa = PBXSourcesBuildPhase;
			buildActionMask = 2147483647;
			files = (
				E9E9B5CE23493C0000731F1A /* AnyPATests.swift in Sources */,
			);
			runOnlyForDeploymentPostprocessing = 0;
		};
		E9E9B5D023493C0000731F1A /* Sources */ = {
			isa = PBXSourcesBuildPhase;
			buildActionMask = 2147483647;
			files = (
				E9E9B5D923493C0000731F1A /* AnyPAUITests.swift in Sources */,
			);
			runOnlyForDeploymentPostprocessing = 0;
		};
/* End PBXSourcesBuildPhase section */

/* Begin PBXTargetDependency section */
		E9E9B5CB23493C0000731F1A /* PBXTargetDependency */ = {
			isa = PBXTargetDependency;
			target = E9E9B5B223493BF200731F1A /* AnyPA */;
			targetProxy = E9E9B5CA23493C0000731F1A /* PBXContainerItemProxy */;
		};
		E9E9B5D623493C0000731F1A /* PBXTargetDependency */ = {
			isa = PBXTargetDependency;
			target = E9E9B5B223493BF200731F1A /* AnyPA */;
			targetProxy = E9E9B5D523493C0000731F1A /* PBXContainerItemProxy */;
		};
/* End PBXTargetDependency section */

/* Begin PBXVariantGroup section */
		E9E9B5C123493C0000731F1A /* LaunchScreen.storyboard */ = {
			isa = PBXVariantGroup;
			children = (
				E9E9B5C223493C0000731F1A /* Base */,
			);
			name = LaunchScreen.storyboard;
			sourceTree = "<group>";
		};
/* End PBXVariantGroup section */

/* Begin XCBuildConfiguration section */
		E9E9B5DB23493C0000731F1A /* Debug */ = {
			isa = XCBuildConfiguration;
			buildSettings = {
				ALWAYS_SEARCH_USER_PATHS = NO;
				CLANG_ANALYZER_NONNULL = YES;
				CLANG_ANALYZER_NUMBER_OBJECT_CONVERSION = YES_AGGRESSIVE;
				CLANG_CXX_LANGUAGE_STANDARD = "gnu++14";
				CLANG_CXX_LIBRARY = "libc++";
				CLANG_ENABLE_MODULES = YES;
				CLANG_ENABLE_OBJC_ARC = YES;
				CLANG_ENABLE_OBJC_WEAK = YES;
				CLANG_WARN_BLOCK_CAPTURE_AUTORELEASING = YES;
				CLANG_WARN_BOOL_CONVERSION = YES;
				CLANG_WARN_COMMA = YES;
				CLANG_WARN_CONSTANT_CONVERSION = YES;
				CLANG_WARN_DEPRECATED_OBJC_IMPLEMENTATIONS = YES;
				CLANG_WARN_DIRECT_OBJC_ISA_USAGE = YES_ERROR;
				CLANG_WARN_DOCUMENTATION_COMMENTS = YES;
				CLANG_WARN_EMPTY_BODY = YES;
				CLANG_WARN_ENUM_CONVERSION = YES;
				CLANG_WARN_INFINITE_RECURSION = YES;
				CLANG_WARN_INT_CONVERSION = YES;
				CLANG_WARN_NON_LITERAL_NULL_CONVERSION = YES;
				CLANG_WARN_OBJC_IMPLICIT_RETAIN_SELF = YES;
				CLANG_WARN_OBJC_LITERAL_CONVERSION = YES;
				CLANG_WARN_OBJC_ROOT_CLASS = YES_ERROR;
				CLANG_WARN_RANGE_LOOP_ANALYSIS = YES;
				CLANG_WARN_STRICT_PROTOTYPES = YES;
				CLANG_WARN_SUSPICIOUS_MOVE = YES;
				CLANG_WARN_UNGUARDED_AVAILABILITY = YES_AGGRESSIVE;
				CLANG_WARN_UNREACHABLE_CODE = YES;
				CLANG_WARN__DUPLICATE_METHOD_MATCH = YES;
				COPY_PHASE_STRIP = NO;
				DEBUG_INFORMATION_FORMAT = dwarf;
				ENABLE_STRICT_OBJC_MSGSEND = YES;
				ENABLE_TESTABILITY = YES;
				GCC_C_LANGUAGE_STANDARD = gnu11;
				GCC_DYNAMIC_NO_PIC = NO;
				GCC_NO_COMMON_BLOCKS = YES;
				GCC_OPTIMIZATION_LEVEL = 0;
				GCC_PREPROCESSOR_DEFINITIONS = (
					"DEBUG=1",
					"$(inherited)",
				);
				GCC_WARN_64_TO_32_BIT_CONVERSION = YES;
				GCC_WARN_ABOUT_RETURN_TYPE = YES_ERROR;
				GCC_WARN_UNDECLARED_SELECTOR = YES;
				GCC_WARN_UNINITIALIZED_AUTOS = YES_AGGRESSIVE;
				GCC_WARN_UNUSED_FUNCTION = YES;
				GCC_WARN_UNUSED_VARIABLE = YES;
				IPHONEOS_DEPLOYMENT_TARGET = 13.0;
				MTL_ENABLE_DEBUG_INFO = INCLUDE_SOURCE;
				MTL_FAST_MATH = YES;
				ONLY_ACTIVE_ARCH = YES;
				SDKROOT = iphoneos;
				SWIFT_ACTIVE_COMPILATION_CONDITIONS = DEBUG;
				SWIFT_OPTIMIZATION_LEVEL = "-Onone";
			};
			name = Debug;
		};
		E9E9B5DC23493C0000731F1A /* Release */ = {
			isa = XCBuildConfiguration;
			buildSettings = {
				ALWAYS_SEARCH_USER_PATHS = NO;
				CLANG_ANALYZER_NONNULL = YES;
				CLANG_ANALYZER_NUMBER_OBJECT_CONVERSION = YES_AGGRESSIVE;
				CLANG_CXX_LANGUAGE_STANDARD = "gnu++14";
				CLANG_CXX_LIBRARY = "libc++";
				CLANG_ENABLE_MODULES = YES;
				CLANG_ENABLE_OBJC_ARC = YES;
				CLANG_ENABLE_OBJC_WEAK = YES;
				CLANG_WARN_BLOCK_CAPTURE_AUTORELEASING = YES;
				CLANG_WARN_BOOL_CONVERSION = YES;
				CLANG_WARN_COMMA = YES;
				CLANG_WARN_CONSTANT_CONVERSION = YES;
				CLANG_WARN_DEPRECATED_OBJC_IMPLEMENTATIONS = YES;
				CLANG_WARN_DIRECT_OBJC_ISA_USAGE = YES_ERROR;
				CLANG_WARN_DOCUMENTATION_COMMENTS = YES;
				CLANG_WARN_EMPTY_BODY = YES;
				CLANG_WARN_ENUM_CONVERSION = YES;
				CLANG_WARN_INFINITE_RECURSION = YES;
				CLANG_WARN_INT_CONVERSION = YES;
				CLANG_WARN_NON_LITERAL_NULL_CONVERSION = YES;
				CLANG_WARN_OBJC_IMPLICIT_RETAIN_SELF = YES;
				CLANG_WARN_OBJC_LITERAL_CONVERSION = YES;
				CLANG_WARN_OBJC_ROOT_CLASS = YES_ERROR;
				CLANG_WARN_RANGE_LOOP_ANALYSIS = YES;
				CLANG_WARN_STRICT_PROTOTYPES = YES;
				CLANG_WARN_SUSPICIOUS_MOVE = YES;
				CLANG_WARN_UNGUARDED_AVAILABILITY = YES_AGGRESSIVE;
				CLANG_WARN_UNREACHABLE_CODE = YES;
				CLANG_WARN__DUPLICATE_METHOD_MATCH = YES;
				COPY_PHASE_STRIP = NO;
				DEBUG_INFORMATION_FORMAT = "dwarf-with-dsym";
				ENABLE_NS_ASSERTIONS = NO;
				ENABLE_STRICT_OBJC_MSGSEND = YES;
				GCC_C_LANGUAGE_STANDARD = gnu11;
				GCC_NO_COMMON_BLOCKS = YES;
				GCC_WARN_64_TO_32_BIT_CONVERSION = YES;
				GCC_WARN_ABOUT_RETURN_TYPE = YES_ERROR;
				GCC_WARN_UNDECLARED_SELECTOR = YES;
				GCC_WARN_UNINITIALIZED_AUTOS = YES_AGGRESSIVE;
				GCC_WARN_UNUSED_FUNCTION = YES;
				GCC_WARN_UNUSED_VARIABLE = YES;
				IPHONEOS_DEPLOYMENT_TARGET = 13.0;
				MTL_ENABLE_DEBUG_INFO = NO;
				MTL_FAST_MATH = YES;
				SDKROOT = iphoneos;
				SWIFT_COMPILATION_MODE = wholemodule;
				SWIFT_OPTIMIZATION_LEVEL = "-O";
				VALIDATE_PRODUCT = YES;
			};
			name = Release;
		};
		E9E9B5DE23493C0000731F1A /* Debug */ = {
			isa = XCBuildConfiguration;
			buildSettings = {
				ASSETCATALOG_COMPILER_APPICON_NAME = AppIcon;
				CODE_SIGN_STYLE = Automatic;
				DEVELOPMENT_ASSET_PATHS = "\"AnyPA/Preview Content\"";
				DEVELOPMENT_TEAM = 2E6MX2E968;
				ENABLE_PREVIEWS = YES;
				INFOPLIST_FILE = AnyPA/Info.plist;
				LD_RUNPATH_SEARCH_PATHS = (
					"$(inherited)",
					"@executable_path/Frameworks",
				);
				PRODUCT_BUNDLE_IDENTIFIER = com.metcove.AnyPA;
				PRODUCT_NAME = "$(TARGET_NAME)";
				SWIFT_VERSION = 5.0;
				TARGETED_DEVICE_FAMILY = "1,2";
			};
			name = Debug;
		};
		E9E9B5DF23493C0000731F1A /* Release */ = {
			isa = XCBuildConfiguration;
			buildSettings = {
				ASSETCATALOG_COMPILER_APPICON_NAME = AppIcon;
				CODE_SIGN_STYLE = Automatic;
				DEVELOPMENT_ASSET_PATHS = "\"AnyPA/Preview Content\"";
				DEVELOPMENT_TEAM = 2E6MX2E968;
				ENABLE_PREVIEWS = YES;
				INFOPLIST_FILE = AnyPA/Info.plist;
				LD_RUNPATH_SEARCH_PATHS = (
					"$(inherited)",
					"@executable_path/Frameworks",
				);
				PRODUCT_BUNDLE_IDENTIFIER = com.metcove.AnyPA;
				PRODUCT_NAME = "$(TARGET_NAME)";
				SWIFT_VERSION = 5.0;
				TARGETED_DEVICE_FAMILY = "1,2";
			};
			name = Release;
		};
		E9E9B5E123493C0000731F1A /* Debug */ = {
			isa = XCBuildConfiguration;
			buildSettings = {
				ALWAYS_EMBED_SWIFT_STANDARD_LIBRARIES = YES;
				BUNDLE_LOADER = "$(TEST_HOST)";
				CODE_SIGN_STYLE = Automatic;
				DEVELOPMENT_TEAM = 2E6MX2E968;
				INFOPLIST_FILE = AnyPATests/Info.plist;
				IPHONEOS_DEPLOYMENT_TARGET = 13.0;
				LD_RUNPATH_SEARCH_PATHS = (
					"$(inherited)",
					"@executable_path/Frameworks",
					"@loader_path/Frameworks",
				);
				PRODUCT_BUNDLE_IDENTIFIER = com.metcove.AnyPATests;
				PRODUCT_NAME = "$(TARGET_NAME)";
				SWIFT_VERSION = 5.0;
				TARGETED_DEVICE_FAMILY = "1,2";
				TEST_HOST = "$(BUILT_PRODUCTS_DIR)/AnyPA.app/AnyPA";
			};
			name = Debug;
		};
		E9E9B5E223493C0000731F1A /* Release */ = {
			isa = XCBuildConfiguration;
			buildSettings = {
				ALWAYS_EMBED_SWIFT_STANDARD_LIBRARIES = YES;
				BUNDLE_LOADER = "$(TEST_HOST)";
				CODE_SIGN_STYLE = Automatic;
				DEVELOPMENT_TEAM = 2E6MX2E968;
				INFOPLIST_FILE = AnyPATests/Info.plist;
				IPHONEOS_DEPLOYMENT_TARGET = 13.0;
				LD_RUNPATH_SEARCH_PATHS = (
					"$(inherited)",
					"@executable_path/Frameworks",
					"@loader_path/Frameworks",
				);
				PRODUCT_BUNDLE_IDENTIFIER = com.metcove.AnyPATests;
				PRODUCT_NAME = "$(TARGET_NAME)";
				SWIFT_VERSION = 5.0;
				TARGETED_DEVICE_FAMILY = "1,2";
				TEST_HOST = "$(BUILT_PRODUCTS_DIR)/AnyPA.app/AnyPA";
			};
			name = Release;
		};
		E9E9B5E423493C0000731F1A /* Debug */ = {
			isa = XCBuildConfiguration;
			buildSettings = {
				ALWAYS_EMBED_SWIFT_STANDARD_LIBRARIES = YES;
				CODE_SIGN_STYLE = Automatic;
				DEVELOPMENT_TEAM = 2E6MX2E968;
				INFOPLIST_FILE = AnyPAUITests/Info.plist;
				LD_RUNPATH_SEARCH_PATHS = (
					"$(inherited)",
					"@executable_path/Frameworks",
					"@loader_path/Frameworks",
				);
				PRODUCT_BUNDLE_IDENTIFIER = com.metcove.AnyPAUITests;
				PRODUCT_NAME = "$(TARGET_NAME)";
				SWIFT_VERSION = 5.0;
				TARGETED_DEVICE_FAMILY = "1,2";
				TEST_TARGET_NAME = AnyPA;
			};
			name = Debug;
		};
		E9E9B5E523493C0000731F1A /* Release */ = {
			isa = XCBuildConfiguration;
			buildSettings = {
				ALWAYS_EMBED_SWIFT_STANDARD_LIBRARIES = YES;
				CODE_SIGN_STYLE = Automatic;
				DEVELOPMENT_TEAM = 2E6MX2E968;
				INFOPLIST_FILE = AnyPAUITests/Info.plist;
				LD_RUNPATH_SEARCH_PATHS = (
					"$(inherited)",
					"@executable_path/Frameworks",
					"@loader_path/Frameworks",
				);
				PRODUCT_BUNDLE_IDENTIFIER = com.metcove.AnyPAUITests;
				PRODUCT_NAME = "$(TARGET_NAME)";
				SWIFT_VERSION = 5.0;
				TARGETED_DEVICE_FAMILY = "1,2";
				TEST_TARGET_NAME = AnyPA;
			};
			name = Release;
		};
/* End XCBuildConfiguration section */

/* Begin XCConfigurationList section */
		E9E9B5AE23493BF200731F1A /* Build configuration list for PBXProject "AnyPA" */ = {
			isa = XCConfigurationList;
			buildConfigurations = (
				E9E9B5DB23493C0000731F1A /* Debug */,
				E9E9B5DC23493C0000731F1A /* Release */,
			);
			defaultConfigurationIsVisible = 0;
			defaultConfigurationName = Release;
		};
		E9E9B5DD23493C0000731F1A /* Build configuration list for PBXNativeTarget "AnyPA" */ = {
			isa = XCConfigurationList;
			buildConfigurations = (
				E9E9B5DE23493C0000731F1A /* Debug */,
				E9E9B5DF23493C0000731F1A /* Release */,
			);
			defaultConfigurationIsVisible = 0;
			defaultConfigurationName = Release;
		};
		E9E9B5E023493C0000731F1A /* Build configuration list for PBXNativeTarget "AnyPATests" */ = {
			isa = XCConfigurationList;
			buildConfigurations = (
				E9E9B5E123493C0000731F1A /* Debug */,
				E9E9B5E223493C0000731F1A /* Release */,
			);
			defaultConfigurationIsVisible = 0;
			defaultConfigurationName = Release;
		};
		E9E9B5E323493C0000731F1A /* Build configuration list for PBXNativeTarget "AnyPAUITests" */ = {
			isa = XCConfigurationList;
			buildConfigurations = (
				E9E9B5E423493C0000731F1A /* Debug */,
				E9E9B5E523493C0000731F1A /* Release */,
			);
			defaultConfigurationIsVisible = 0;
			defaultConfigurationName = Release;
		};
/* End XCConfigurationList section */
	};
	rootObject = E9E9B5AB23493BF200731F1A /* Project object */;
}
